<?xml version="1.0" encoding="utf-8"?>
<Project ToolsVersion="4.0" xmlns="http://schemas.microsoft.com/developer/msbuild/2003">
  <ItemGroup>
    <Filter Include="Source Files">
      <UniqueIdentifier>{4FC737F1-C7A5-4376-A066-2A32D752A2FF}</UniqueIdentifier>
      <Extensions>cpp;c;cc;cxx;c++;cppm;ixx;def;odl;idl;hpj;bat;asm;asmx</Extensions>
    </Filter>
    <Filter Include="Header Files">
      <UniqueIdentifier>{93995380-89BD-4b04-88EB-625FBE52EBFB}</UniqueIdentifier>
      <Extensions>h;hh;hpp;hxx;h++;hm;inl;inc;ipp;xsd</Extensions>
    </Filter>
    <Filter Include="Resource Files">
      <UniqueIdentifier>{67DA6AB6-F800-4c08-8B7A-83BB121AAD01}</UniqueIdentifier>
      <Extensions>rc;ico;cur;bmp;dlg;rc2;rct;bin;rgs;gif;jpg;jpeg;jpe;resx;tiff;tif;png;wav;mfcribbon-ms</Extensions>
    </Filter>
  </ItemGroup>
  <ItemGroup>
    <ClInclude Include="GameTable.h">
      <Filter>Header Files</Filter>
    </ClInclude>
    <ClInclude Include="Citizen.h">
      <Filter>Header Files</Filter>
    </ClInclude>
    <ClInclude Include="City.h">
      <Filter>Header Files</Filter>
    </ClInclude>
    <ClInclude Include="GameFields\GameField.h">
      <Filter>Header Files</Filter>
    </ClInclude>
    <ClInclude Include="GameFields\Buildings\Building.h">
      <Filter>Header Files</Filter>
    </ClInclude>
    <ClInclude Include="GameFields\General\Empty.h">
      <Filter>Header Files</Filter>
    </ClInclude>
    <ClInclude Include="GameFields\Buildings\FireStation.h">
      <Filter>Header Files</Filter>
    </ClInclude>
    <ClInclude Include="GameFields\General\Forest.h">
      <Filter>Header Files</Filter>
    </ClInclude>
    <ClInclude Include="GameFields\Buildings\PoliceStation.h">
      <Filter>Header Files</Filter>
    </ClInclude>
    <ClInclude Include="GameFields\Buildings\PowerStation.h">
      <Filter>Header Files</Filter>
    </ClInclude>
    <ClInclude Include="GameFields\Buildings\PowerWire.h">
      <Filter>Header Files</Filter>
    </ClInclude>
    <ClInclude Include="GameFields\Zones\ResidentalArea.h">
      <Filter>Header Files</Filter>
    </ClInclude>
    <ClInclude Include="GameFields\General\Road.h">
      <Filter>Header Files</Filter>
    </ClInclude>
    <ClInclude Include="GameFields\Buildings\School.h">
      <Filter>Header Files</Filter>
    </ClInclude>
    <ClInclude Include="GameFields\Buildings\Stadium.h">
      <Filter>Header Files</Filter>
    </ClInclude>
    <ClInclude Include="GameFields\Zones\WorkingArea.h">
      <Filter>Header Files</Filter>
    </ClInclude>
    <ClInclude Include="GameFields\Zones\Zone.h">
      <Filter>Header Files</Filter>
    </ClInclude>
    <ClInclude Include="GameFields\Zones\_ZoneHeaders.h">
      <Filter>Header Files</Filter>
    </ClInclude>
    <ClInclude Include="GameFields\General\_GeneralHeaders.h">
      <Filter>Header Files</Filter>
    </ClInclude>
    <ClInclude Include="GameFields\Buildings\_BuildingHeaders.h">
      <Filter>Header Files</Filter>
    </ClInclude>
    <ClInclude Include="GameFields\_GameFieldHeaders.h">
      <Filter>Header Files</Filter>
    </ClInclude>
    <ClInclude Include="RoadNetwork.h">
      <Filter>Header Files</Filter>
    </ClInclude>
    <ClInclude Include="GameFields\General\Crater.h">
      <Filter>Header Files</Filter>
    </ClInclude>
    <ClInclude Include="GameFields\General\Lake.h">
      <Filter>Header Files</Filter>
    </ClInclude>
    <ClInclude Include="GameFields\GameFieldLayout.h">
      <Filter>Header Files</Filter>
    </ClInclude>
  </ItemGroup>
  <ItemGroup>
    <ClCompile Include="GameTable.cpp">
      <Filter>Source Files</Filter>
    </ClCompile>
    <ClCompile Include="Citizen.cpp">
      <Filter>Source Files</Filter>
    </ClCompile>
    <ClCompile Include="City.cpp">
      <Filter>Source Files</Filter>
    </ClCompile>
    <ClCompile Include="GameFields\GameField.cpp">
      <Filter>Source Files</Filter>
    </ClCompile>
    <ClCompile Include="GameFields\Buildings\Building.cpp">
      <Filter>Source Files</Filter>
    </ClCompile>
    <ClCompile Include="GameFields\General\Empty.cpp">
      <Filter>Source Files</Filter>
    </ClCompile>
    <ClCompile Include="GameFields\Buildings\FireStation.cpp">
      <Filter>Source Files</Filter>
    </ClCompile>
    <ClCompile Include="GameFields\General\Forest.cpp">
      <Filter>Source Files</Filter>
    </ClCompile>
    <ClCompile Include="GameFields\Buildings\PoliceStation.cpp">
      <Filter>Source Files</Filter>
    </ClCompile>
    <ClCompile Include="GameFields\Buildings\PowerStation.cpp">
      <Filter>Source Files</Filter>
    </ClCompile>
    <ClCompile Include="GameFields\Buildings\PowerWire.cpp">
      <Filter>Source Files</Filter>
    </ClCompile>
    <ClCompile Include="GameFields\Zones\ResidentalArea.cpp">
      <Filter>Source Files</Filter>
    </ClCompile>
    <ClCompile Include="GameFields\General\Road.cpp">
      <Filter>Source Files</Filter>
    </ClCompile>
    <ClCompile Include="GameFields\Buildings\School.cpp">
      <Filter>Source Files</Filter>
    </ClCompile>
    <ClCompile Include="GameFields\Buildings\Stadium.cpp">
      <Filter>Source Files</Filter>
    </ClCompile>
    <ClCompile Include="GameFields\Zones\WorkingArea.cpp">
      <Filter>Source Files</Filter>
    </ClCompile>
    <ClCompile Include="GameFields\Zones\Zone.cpp">
      <Filter>Source Files</Filter>
    </ClCompile>
    <ClCompile Include="RoadNetwork.cpp">
      <Filter>Source Files</Filter>
    </ClCompile>
    <ClCompile Include="GameFields\General\Crater.cpp">
      <Filter>Source Files</Filter>
    </ClCompile>
    <ClCompile Include="GameFields\General\Lake.cpp">
      <Filter>Source Files</Filter>
    </ClCompile>
  </ItemGroup>
</Project>