
Microsoft Visual Studio Solution File, Format Version 12.00
# Visual Studio Version 17
VisualStudioVersion = 17.4.33205.214
MinimumVisualStudioVersion = 10.0.40219.1
Project("{8BC9CEB8-8B4A-11D0-8D11-00A0C91BC942}") = "Application", "Application\Application.vcxproj", "{150EC29D-ABF3-4110-A4BE-BE7640110BA0}"
EndProject
Project("{8BC9CEB8-8B4A-11D0-8D11-00A0C91BC942}") = "Game", "Game\Game.vcxproj", "{C8446A8F-2B3B-4DA8-8F36-7FD66A7BB014}"
EndProject
Project("{8BC9CEB8-8B4A-11D0-8D11-00A0C91BC942}") = "OpenGL", "OpenGL\OpenGL.vcxproj", "{30D719E2-4C65-45B6-9D06-C9FF7338082B}"
EndProject
Project("{8BC9CEB8-8B4A-11D0-8D11-00A0C91BC942}") = "Engine", "Engine\Engine.vcxproj", "{98B9A4A4-D59B-4F49-B81F-AE10FBD36200}"
EndProject
Project("{8BC9CEB8-8B4A-11D0-8D11-00A0C91BC942}") = "ImGui", "ImGui\ImGui.vcxproj", "{546D0854-A81C-441E-8EA7-DB1432E0F4CB}"
EndProject
Project("{8BC9CEB8-8B4A-11D0-8D11-00A0C91BC942}") = "Test", "Test\Test.vcxproj", "{7212B393-0F37-4AE3-AB87-F1017412F7B3}"
EndProject
Global
	GlobalSection(SolutionConfigurationPlatforms) = preSolution
		Debug|x64 = Debug|x64
		Debug|x86 = Debug|x86
		Release|x64 = Release|x64
		Release|x86 = Release|x86
	EndGlobalSection
	GlobalSection(ProjectConfigurationPlatforms) = postSolution
		{C8446A8F-2B3B-4DA8-8F36-7FD66A7BB014}.Debug|x64.ActiveCfg = Debug|x64
		{C8446A8F-2B3B-4DA8-8F36-7FD66A7BB014}.Debug|x64.Build.0 = Debug|x64
		{C8446A8F-2B3B-4DA8-8F36-7FD66A7BB014}.Debug|x86.ActiveCfg = Debug|Win32
		{C8446A8F-2B3B-4DA8-8F36-7FD66A7BB014}.Debug|x86.Build.0 = Debug|Win32
		{C8446A8F-2B3B-4DA8-8F36-7FD66A7BB014}.Release|x64.ActiveCfg = Release|x64
		{C8446A8F-2B3B-4DA8-8F36-7FD66A7BB014}.Release|x64.Build.0 = Release|x64
		{C8446A8F-2B3B-4DA8-8F36-7FD66A7BB014}.Release|x86.ActiveCfg = Release|Win32
		{C8446A8F-2B3B-4DA8-8F36-7FD66A7BB014}.Release|x86.Build.0 = Release|Win32
		{30D719E2-4C65-45B6-9D06-C9FF7338082B}.Debug|x64.ActiveCfg = Debug|x64
		{30D719E2-4C65-45B6-9D06-C9FF7338082B}.Debug|x64.Build.0 = Debug|x64
		{30D719E2-4C65-45B6-9D06-C9FF7338082B}.Debug|x86.ActiveCfg = Debug|Win32
		{30D719E2-4C65-45B6-9D06-C9FF7338082B}.Debug|x86.Build.0 = Debug|Win32
		{30D719E2-4C65-45B6-9D06-C9FF7338082B}.Release|x64.ActiveCfg = Release|x64
		{30D719E2-4C65-45B6-9D06-C9FF7338082B}.Release|x64.Build.0 = Release|x64
		{30D719E2-4C65-45B6-9D06-C9FF7338082B}.Release|x86.ActiveCfg = Release|Win32
		{30D719E2-4C65-45B6-9D06-C9FF7338082B}.Release|x86.Build.0 = Release|Win32
		{98B9A4A4-D59B-4F49-B81F-AE10FBD36200}.Debug|x64.ActiveCfg = Debug|x64
		{98B9A4A4-D59B-4F49-B81F-AE10FBD36200}.Debug|x64.Build.0 = Debug|x64
		{98B9A4A4-D59B-4F49-B81F-AE10FBD36200}.Debug|x86.ActiveCfg = Debug|Win32
		{98B9A4A4-D59B-4F49-B81F-AE10FBD36200}.Debug|x86.Build.0 = Debug|Win32
		{98B9A4A4-D59B-4F49-B81F-AE10FBD36200}.Release|x64.ActiveCfg = Release|x64
		{98B9A4A4-D59B-4F49-B81F-AE10FBD36200}.Release|x64.Build.0 = Release|x64
		{98B9A4A4-D59B-4F49-B81F-AE10FBD36200}.Release|x86.ActiveCfg = Release|Win32
		{98B9A4A4-D59B-4F49-B81F-AE10FBD36200}.Release|x86.Build.0 = Release|Win32
		{546D0854-A81C-441E-8EA7-DB1432E0F4CB}.Debug|x64.ActiveCfg = Debug|x64
		{546D0854-A81C-441E-8EA7-DB1432E0F4CB}.Debug|x64.Build.0 = Debug|x64
		{546D0854-A81C-441E-8EA7-DB1432E0F4CB}.Debug|x86.ActiveCfg = Debug|Win32
		{546D0854-A81C-441E-8EA7-DB1432E0F4CB}.Debug|x86.Build.0 = Debug|Win32
		{546D0854-A81C-441E-8EA7-DB1432E0F4CB}.Release|x64.ActiveCfg = Release|x64
		{546D0854-A81C-441E-8EA7-DB1432E0F4CB}.Release|x64.Build.0 = Release|x64
		{546D0854-A81C-441E-8EA7-DB1432E0F4CB}.Release|x86.ActiveCfg = Release|Win32
		{546D0854-A81C-441E-8EA7-DB1432E0F4CB}.Release|x86.Build.0 = Release|Win32
		{150EC29D-ABF3-4110-A4BE-BE7640110BA0}.Debug|x64.ActiveCfg = Debug|x64
		{150EC29D-ABF3-4110-A4BE-BE7640110BA0}.Debug|x64.Build.0 = Debug|x64
		{150EC29D-ABF3-4110-A4BE-BE7640110BA0}.Debug|x86.ActiveCfg = Debug|Win32
		{150EC29D-ABF3-4110-A4BE-BE7640110BA0}.Debug|x86.Build.0 = Debug|Win32
		{150EC29D-ABF3-4110-A4BE-BE7640110BA0}.Release|x64.ActiveCfg = Release|x64
		{150EC29D-ABF3-4110-A4BE-BE7640110BA0}.Release|x64.Build.0 = Release|x64
		{150EC29D-ABF3-4110-A4BE-BE7640110BA0}.Release|x86.ActiveCfg = Release|Win32
		{150EC29D-ABF3-4110-A4BE-BE7640110BA0}.Release|x86.Build.0 = Release|Win32
		{7212B393-0F37-4AE3-AB87-F1017412F7B3}.Debug|x64.ActiveCfg = Debug|x64
		{7212B393-0F37-4AE3-AB87-F1017412F7B3}.Debug|x64.Build.0 = Debug|x64
		{7212B393-0F37-4AE3-AB87-F1017412F7B3}.Debug|x86.ActiveCfg = Debug|Win32
		{7212B393-0F37-4AE3-AB87-F1017412F7B3}.Debug|x86.Build.0 = Debug|Win32
		{7212B393-0F37-4AE3-AB87-F1017412F7B3}.Release|x64.ActiveCfg = Release|x64
		{7212B393-0F37-4AE3-AB87-F1017412F7B3}.Release|x64.Build.0 = Release|x64
		{7212B393-0F37-4AE3-AB87-F1017412F7B3}.Release|x86.ActiveCfg = Release|Win32
		{7212B393-0F37-4AE3-AB87-F1017412F7B3}.Release|x86.Build.0 = Release|Win32
	EndGlobalSection
	GlobalSection(SolutionProperties) = preSolution
		HideSolutionNode = FALSE
	EndGlobalSection
	GlobalSection(ExtensibilityGlobals) = postSolution
		SolutionGuid = {23EDC0C4-DE58-4B01-A816-A451033E7146}
	EndGlobalSection
EndGlobal
