<?xml version="1.0" encoding="utf-8"?>
<Project ToolsVersion="4.0" xmlns="http://schemas.microsoft.com/developer/msbuild/2003">
  <ItemGroup>
    <Filter Include="Source Files">
      <UniqueIdentifier>{4FC737F1-C7A5-4376-A066-2A32D752A2FF}</UniqueIdentifier>
      <Extensions>cpp;c;cc;cxx;c++;cppm;ixx;def;odl;idl;hpj;bat;asm;asmx</Extensions>
    </Filter>
    <Filter Include="Header Files">
      <UniqueIdentifier>{93995380-89BD-4b04-88EB-625FBE52EBFB}</UniqueIdentifier>
      <Extensions>h;hh;hpp;hxx;h++;hm;inl;inc;ipp;xsd</Extensions>
    </Filter>
    <Filter Include="Resource Files">
      <UniqueIdentifier>{67DA6AB6-F800-4c08-8B7A-83BB121AAD01}</UniqueIdentifier>
      <Extensions>rc;ico;cur;bmp;dlg;rc2;rct;bin;rgs;gif;jpg;jpeg;jpe;resx;tiff;tif;png;wav;mfcribbon-ms</Extensions>
    </Filter>
  </ItemGroup>
  <ItemGroup>
    <ClCompile Include="Abstractions\External\stb_image.cpp">
      <Filter>Source Files</Filter>
    </ClCompile>
    <ClCompile Include="Abstractions\BufferObject.cpp">
      <Filter>Source Files</Filter>
    </ClCompile>
    <ClCompile Include="Abstractions\FrameBuffer.cpp">
      <Filter>Source Files</Filter>
    </ClCompile>
    <ClCompile Include="Abstractions\ProgramObject.cpp">
      <Filter>Source Files</Filter>
    </ClCompile>
    <ClCompile Include="Abstractions\ShaderObject.cpp">
      <Filter>Source Files</Filter>
    </ClCompile>
    <ClCompile Include="Abstractions\Texture.cpp">
      <Filter>Source Files</Filter>
    </ClCompile>
    <ClCompile Include="Abstractions\VertexArrayObject.cpp">
      <Filter>Source Files</Filter>
    </ClCompile>
    <ClCompile Include="Utilities\Camera.cpp">
      <Filter>Source Files</Filter>
    </ClCompile>
    <ClCompile Include="Abstractions\Mesh.cpp">
      <Filter>Source Files</Filter>
    </ClCompile>
    <ClCompile Include="Abstractions\Model.cpp">
      <Filter>Source Files</Filter>
    </ClCompile>
    <ClCompile Include="Shapes\Basic Shapes\Cone\Cone.cpp">
      <Filter>Source Files</Filter>
    </ClCompile>
    <ClCompile Include="Shapes\Basic Shapes\Cone\ConeLayout.cpp">
      <Filter>Source Files</Filter>
    </ClCompile>
    <ClCompile Include="Shapes\Basic Shapes\Cube\Cube.cpp">
      <Filter>Source Files</Filter>
    </ClCompile>
    <ClCompile Include="Shapes\Basic Shapes\Cube\CubeLayout.cpp">
      <Filter>Source Files</Filter>
    </ClCompile>
    <ClCompile Include="Shapes\Basic Shapes\Cylinder\Cylinder.cpp">
      <Filter>Source Files</Filter>
    </ClCompile>
    <ClCompile Include="Shapes\Basic Shapes\Cylinder\CylinderLayout.cpp">
      <Filter>Source Files</Filter>
    </ClCompile>
    <ClCompile Include="Shapes\Basic Shapes\Pyramid\Pyramid.cpp">
      <Filter>Source Files</Filter>
    </ClCompile>
    <ClCompile Include="Shapes\Basic Shapes\Pyramid\PyramidLayout.cpp">
      <Filter>Source Files</Filter>
    </ClCompile>
    <ClCompile Include="Shapes\Basic Shapes\Sphere\Sphere.cpp">
      <Filter>Source Files</Filter>
    </ClCompile>
    <ClCompile Include="Shapes\Basic Shapes\Sphere\SphereLayout.cpp">
      <Filter>Source Files</Filter>
    </ClCompile>
    <ClCompile Include="Shapes\Complex Shapes\FireStation\FireBuilding.cpp">
      <Filter>Source Files</Filter>
    </ClCompile>
    <ClCompile Include="Shapes\Complex Shapes\Forest\Tree.cpp">
      <Filter>Source Files</Filter>
    </ClCompile>
    <ClCompile Include="Shapes\Complex Shapes\Industry\IndustryBuilding1.cpp">
      <Filter>Source Files</Filter>
    </ClCompile>
    <ClCompile Include="Shapes\Complex Shapes\Industry\IndustryBuilding2.cpp">
      <Filter>Source Files</Filter>
    </ClCompile>
    <ClCompile Include="Shapes\Complex Shapes\Industry\IndustryBuilding3.cpp">
      <Filter>Source Files</Filter>
    </ClCompile>
    <ClCompile Include="Shapes\Complex Shapes\PoliceStation\PoliceBuilding.cpp">
      <Filter>Source Files</Filter>
    </ClCompile>
    <ClCompile Include="Shapes\Complex Shapes\PowerStation\PowerBuilding.cpp">
      <Filter>Source Files</Filter>
    </ClCompile>
    <ClCompile Include="Shapes\Complex Shapes\PowerStation\PowerBuildingPlinth.cpp">
      <Filter>Source Files</Filter>
    </ClCompile>
    <ClCompile Include="Shapes\Complex Shapes\PowerStation\PowerWireBuilding.cpp">
      <Filter>Source Files</Filter>
    </ClCompile>
    <ClCompile Include="Shapes\Complex Shapes\Residence\ResidenceBuilding1.cpp">
      <Filter>Source Files</Filter>
    </ClCompile>
    <ClCompile Include="Shapes\Complex Shapes\Residence\ResidenceBuilding2.cpp">
      <Filter>Source Files</Filter>
    </ClCompile>
    <ClCompile Include="Shapes\Complex Shapes\Residence\ResidenceBuilding3.cpp">
      <Filter>Source Files</Filter>
    </ClCompile>
    <ClCompile Include="Shapes\Complex Shapes\School\SchoolBuilding1.cpp">
      <Filter>Source Files</Filter>
    </ClCompile>
    <ClCompile Include="Shapes\Complex Shapes\School\SchoolBuilding2.cpp">
      <Filter>Source Files</Filter>
    </ClCompile>
    <ClCompile Include="Shapes\Complex Shapes\Service\ServiceBuilding1.cpp">
      <Filter>Source Files</Filter>
    </ClCompile>
    <ClCompile Include="Shapes\Complex Shapes\Service\ServiceBuilding2.cpp">
      <Filter>Source Files</Filter>
    </ClCompile>
    <ClCompile Include="Shapes\Complex Shapes\Service\ServiceBuilding3.cpp">
      <Filter>Source Files</Filter>
    </ClCompile>
    <ClCompile Include="Shapes\Complex Shapes\Stadion\StadionBuilding.cpp">
      <Filter>Source Files</Filter>
    </ClCompile>
    <ClCompile Include="Shapes\Shape.cpp">
      <Filter>Source Files</Filter>
    </ClCompile>
    <ClCompile Include="Renderer\Renderer.cpp">
      <Filter>Source Files</Filter>
    </ClCompile>
    <ClCompile Include="Shapes\Complex Shapes\Ground\Ground.cpp">
      <Filter>Source Files</Filter>
    </ClCompile>
    <ClCompile Include="Utilities\Timer.cpp">
      <Filter>Source Files</Filter>
    </ClCompile>
    <ClCompile Include="Utilities\FrameCounter.cpp">
      <Filter>Source Files</Filter>
    </ClCompile>
    <ClCompile Include="Shapes\Complex Shapes\PowerStation\WindTurbine.cpp">
      <Filter>Source Files</Filter>
    </ClCompile>
    <ClCompile Include="Shapes\Complex Shapes\PowerStation\WindTurbinePropeller.cpp">
      <Filter>Source Files</Filter>
    </ClCompile>
    <ClCompile Include="Abstractions\Transform.cpp">
      <Filter>Source Files</Filter>
    </ClCompile>
    <ClCompile Include="Abstractions\Vertex.cpp">
      <Filter>Source Files</Filter>
    </ClCompile>
    <ClCompile Include="Renderer\Utilities\Skybox.cpp">
      <Filter>Source Files</Filter>
    </ClCompile>
    <ClCompile Include="Shapes\Complex Shapes\Meteor\Shape_Meteor.cpp">
      <Filter>Source Files</Filter>
    </ClCompile>
    <ClCompile Include="Renderer\Utilities\Meteor.cpp">
      <Filter>Source Files</Filter>
    </ClCompile>
  </ItemGroup>
  <ItemGroup>
    <ClInclude Include="Abstractions\External\stb_image.h">
      <Filter>Header Files</Filter>
    </ClInclude>
    <ClInclude Include="Abstractions\BufferObject.h">
      <Filter>Header Files</Filter>
    </ClInclude>
    <ClInclude Include="Abstractions\FrameBuffer.h">
      <Filter>Header Files</Filter>
    </ClInclude>
    <ClInclude Include="Abstractions\ProgramObject.h">
      <Filter>Header Files</Filter>
    </ClInclude>
    <ClInclude Include="Abstractions\ShaderObject.h">
      <Filter>Header Files</Filter>
    </ClInclude>
    <ClInclude Include="Abstractions\Texture.h">
      <Filter>Header Files</Filter>
    </ClInclude>
    <ClInclude Include="Abstractions\Vertex.h">
      <Filter>Header Files</Filter>
    </ClInclude>
    <ClInclude Include="Abstractions\VertexArrayObject.h">
      <Filter>Header Files</Filter>
    </ClInclude>
    <ClInclude Include="Utilities\Camera.h">
      <Filter>Header Files</Filter>
    </ClInclude>
    <ClInclude Include="Abstractions\Mesh.h">
      <Filter>Header Files</Filter>
    </ClInclude>
    <ClInclude Include="Abstractions\Model.h">
      <Filter>Header Files</Filter>
    </ClInclude>
    <ClInclude Include="Shapes\Basic Shapes\Cone\Cone.h">
      <Filter>Header Files</Filter>
    </ClInclude>
    <ClInclude Include="Shapes\Basic Shapes\Cone\ConeLayout.h">
      <Filter>Header Files</Filter>
    </ClInclude>
    <ClInclude Include="Shapes\Basic Shapes\Cube\Cube.h">
      <Filter>Header Files</Filter>
    </ClInclude>
    <ClInclude Include="Shapes\Basic Shapes\Cube\CubeLayout.h">
      <Filter>Header Files</Filter>
    </ClInclude>
    <ClInclude Include="Shapes\Basic Shapes\Cylinder\Cylinder.h">
      <Filter>Header Files</Filter>
    </ClInclude>
    <ClInclude Include="Shapes\Basic Shapes\Cylinder\CylinderLayout.h">
      <Filter>Header Files</Filter>
    </ClInclude>
    <ClInclude Include="Shapes\Basic Shapes\Pyramid\Pyramid.h">
      <Filter>Header Files</Filter>
    </ClInclude>
    <ClInclude Include="Shapes\Basic Shapes\Pyramid\PyramidLayout.h">
      <Filter>Header Files</Filter>
    </ClInclude>
    <ClInclude Include="Shapes\Basic Shapes\Sphere\Sphere.h">
      <Filter>Header Files</Filter>
    </ClInclude>
    <ClInclude Include="Shapes\Basic Shapes\Sphere\SphereLayout.h">
      <Filter>Header Files</Filter>
    </ClInclude>
    <ClInclude Include="Shapes\Basic Shapes\BasicShapes.h">
      <Filter>Header Files</Filter>
    </ClInclude>
    <ClInclude Include="Shapes\Complex Shapes\FireStation\FireBuilding.h">
      <Filter>Header Files</Filter>
    </ClInclude>
    <ClInclude Include="Shapes\Complex Shapes\Forest\Tree.h">
      <Filter>Header Files</Filter>
    </ClInclude>
    <ClInclude Include="Shapes\Complex Shapes\Industry\IndustryBuilding1.h">
      <Filter>Header Files</Filter>
    </ClInclude>
    <ClInclude Include="Shapes\Complex Shapes\Industry\IndustryBuilding2.h">
      <Filter>Header Files</Filter>
    </ClInclude>
    <ClInclude Include="Shapes\Complex Shapes\Industry\IndustryBuilding3.h">
      <Filter>Header Files</Filter>
    </ClInclude>
    <ClInclude Include="Shapes\Complex Shapes\PoliceStation\PoliceBuilding.h">
      <Filter>Header Files</Filter>
    </ClInclude>
    <ClInclude Include="Shapes\Complex Shapes\PowerStation\PowerBuilding.h">
      <Filter>Header Files</Filter>
    </ClInclude>
    <ClInclude Include="Shapes\Complex Shapes\PowerStation\PowerBuildingPlinth.h">
      <Filter>Header Files</Filter>
    </ClInclude>
    <ClInclude Include="Shapes\Complex Shapes\PowerStation\PowerWireBuilding.h">
      <Filter>Header Files</Filter>
    </ClInclude>
    <ClInclude Include="Shapes\Complex Shapes\Residence\ResidenceBuilding1.h">
      <Filter>Header Files</Filter>
    </ClInclude>
    <ClInclude Include="Shapes\Complex Shapes\Residence\ResidenceBuilding2.h">
      <Filter>Header Files</Filter>
    </ClInclude>
    <ClInclude Include="Shapes\Complex Shapes\Residence\ResidenceBuilding3.h">
      <Filter>Header Files</Filter>
    </ClInclude>
    <ClInclude Include="Shapes\Complex Shapes\School\SchoolBuilding1.h">
      <Filter>Header Files</Filter>
    </ClInclude>
    <ClInclude Include="Shapes\Complex Shapes\School\SchoolBuilding2.h">
      <Filter>Header Files</Filter>
    </ClInclude>
    <ClInclude Include="Shapes\Complex Shapes\Service\ServiceBuilding1.h">
      <Filter>Header Files</Filter>
    </ClInclude>
    <ClInclude Include="Shapes\Complex Shapes\Service\ServiceBuilding2.h">
      <Filter>Header Files</Filter>
    </ClInclude>
    <ClInclude Include="Shapes\Complex Shapes\Service\ServiceBuilding3.h">
      <Filter>Header Files</Filter>
    </ClInclude>
    <ClInclude Include="Shapes\Complex Shapes\Stadion\StadionBuilding.h">
      <Filter>Header Files</Filter>
    </ClInclude>
    <ClInclude Include="Shapes\Complex Shapes\ComplexShape.h">
      <Filter>Header Files</Filter>
    </ClInclude>
    <ClInclude Include="Shapes\Shape.h">
      <Filter>Header Files</Filter>
    </ClInclude>
    <ClInclude Include="Renderer\Renderer.h">
      <Filter>Header Files</Filter>
    </ClInclude>
    <ClInclude Include="Shapes\Complex Shapes\Ground\Ground.h">
      <Filter>Header Files</Filter>
    </ClInclude>
    <ClInclude Include="Shapes\Complex Shapes\PowerStation\WindTurbine.h">
      <Filter>Header Files</Filter>
    </ClInclude>
    <ClInclude Include="Shapes\Complex Shapes\PowerStation\WindTurbinePropeller.h">
      <Filter>Header Files</Filter>
    </ClInclude>
    <ClInclude Include="Renderer\RendererLayout.h">
      <Filter>Header Files</Filter>
    </ClInclude>
    <ClInclude Include="Abstractions\Transform.h">
      <Filter>Header Files</Filter>
    </ClInclude>
    <ClInclude Include="Renderer\Utilities\Skybox.h">
      <Filter>Header Files</Filter>
    </ClInclude>
    <ClInclude Include="Utilities\Timer.h">
      <Filter>Header Files</Filter>
    </ClInclude>
    <ClInclude Include="Utilities\FrameCounter.h">
      <Filter>Header Files</Filter>
    </ClInclude>
    <ClInclude Include="Shapes\Complex Shapes\Meteor\Shape_Meteor.h">
      <Filter>Header Files</Filter>
    </ClInclude>
    <ClInclude Include="Renderer\Utilities\Meteor.h">
      <Filter>Header Files</Filter>
    </ClInclude>
  </ItemGroup>
  <ItemGroup>
    <None Include="Shaders\Base.frag" />
    <None Include="Shaders\Base.vert" />
    <None Include="Shaders\Instance.frag" />
    <None Include="Shaders\Ray.frag" />
    <None Include="Shaders\Instance.vert" />
    <None Include="Shaders\Ray.vert" />
    <None Include="Shaders\SkyBox.frag" />
    <None Include="Shaders\SkyBox.vert" />
  </ItemGroup>
  <ItemGroup>
    <Image Include="Renderer\Assets\Textures\SpriteTextures.png">
      <Filter>Resource Files</Filter>
    </Image>
  </ItemGroup>
</Project>